// !$*UTF8*$!
{
	archiveVersion = 1;
	classes = {
	};
	objectVersion = 50;
	objects = {

/* Begin PBXBuildFile section */
		173105ED260DD644000D0AA1 /* AppDelegate.swift in Sources */ = {isa = PBXBuildFile; fileRef = 173105EC260DD644000D0AA1 /* AppDelegate.swift */; };
		173105EF260DD644000D0AA1 /* SceneDelegate.swift in Sources */ = {isa = PBXBuildFile; fileRef = 173105EE260DD644000D0AA1 /* SceneDelegate.swift */; };
		173105F1260DD644000D0AA1 /* ViewController.swift in Sources */ = {isa = PBXBuildFile; fileRef = 173105F0260DD644000D0AA1 /* ViewController.swift */; };
		173105F4260DD644000D0AA1 /* Main.storyboard in Resources */ = {isa = PBXBuildFile; fileRef = 173105F2260DD644000D0AA1 /* Main.storyboard */; };
		173105F7260DD644000D0AA1 /* ScannerApp.xcdatamodeld in Sources */ = {isa = PBXBuildFile; fileRef = 173105F5260DD644000D0AA1 /* ScannerApp.xcdatamodeld */; };
		173105F9260DD645000D0AA1 /* Assets.xcassets in Resources */ = {isa = PBXBuildFile; fileRef = 173105F8260DD645000D0AA1 /* Assets.xcassets */; };
		173105FC260DD645000D0AA1 /* LaunchScreen.storyboard in Resources */ = {isa = PBXBuildFile; fileRef = 173105FA260DD645000D0AA1 /* LaunchScreen.storyboard */; };
		17310607260DD646000D0AA1 /* ScannerAppTests.swift in Sources */ = {isa = PBXBuildFile; fileRef = 17310606260DD646000D0AA1 /* ScannerAppTests.swift */; };
		17310612260DD646000D0AA1 /* ScannerAppUITests.swift in Sources */ = {isa = PBXBuildFile; fileRef = 17310611260DD646000D0AA1 /* ScannerAppUITests.swift */; };
		17310623260DD6D9000D0AA1 /* ScannerViewController.swift in Sources */ = {isa = PBXBuildFile; fileRef = 17310622260DD6D9000D0AA1 /* ScannerViewController.swift */; };
/* End PBXBuildFile section */

/* Begin PBXContainerItemProxy section */
		17310603260DD646000D0AA1 /* PBXContainerItemProxy */ = {
			isa = PBXContainerItemProxy;
			containerPortal = 173105E1260DD644000D0AA1 /* Project object */;
			proxyType = 1;
			remoteGlobalIDString = 173105E8260DD644000D0AA1;
			remoteInfo = ScannerApp;
		};
		1731060E260DD646000D0AA1 /* PBXContainerItemProxy */ = {
			isa = PBXContainerItemProxy;
			containerPortal = 173105E1260DD644000D0AA1 /* Project object */;
			proxyType = 1;
			remoteGlobalIDString = 173105E8260DD644000D0AA1;
			remoteInfo = ScannerApp;
		};
/* End PBXContainerItemProxy section */

/* Begin PBXFileReference section */
		173105E9260DD644000D0AA1 /* ScannerApp.app */ = {isa = PBXFileReference; explicitFileType = wrapper.application; includeInIndex = 0; path = ScannerApp.app; sourceTree = BUILT_PRODUCTS_DIR; };
		173105EC260DD644000D0AA1 /* AppDelegate.swift */ = {isa = PBXFileReference; lastKnownFileType = sourcecode.swift; path = AppDelegate.swift; sourceTree = "<group>"; };
		173105EE260DD644000D0AA1 /* SceneDelegate.swift */ = {isa = PBXFileReference; lastKnownFileType = sourcecode.swift; path = SceneDelegate.swift; sourceTree = "<group>"; };
		173105F0260DD644000D0AA1 /* ViewController.swift */ = {isa = PBXFileReference; lastKnownFileType = sourcecode.swift; path = ViewController.swift; sourceTree = "<group>"; };
		173105F3260DD644000D0AA1 /* Base */ = {isa = PBXFileReference; lastKnownFileType = file.storyboard; name = Base; path = Base.lproj/Main.storyboard; sourceTree = "<group>"; };
		173105F6260DD644000D0AA1 /* ScannerApp.xcdatamodel */ = {isa = PBXFileReference; lastKnownFileType = wrapper.xcdatamodel; path = ScannerApp.xcdatamodel; sourceTree = "<group>"; };
		173105F8260DD645000D0AA1 /* Assets.xcassets */ = {isa = PBXFileReference; lastKnownFileType = folder.assetcatalog; path = Assets.xcassets; sourceTree = "<group>"; };
		173105FB260DD645000D0AA1 /* Base */ = {isa = PBXFileReference; lastKnownFileType = file.storyboard; name = Base; path = Base.lproj/LaunchScreen.storyboard; sourceTree = "<group>"; };
		173105FD260DD645000D0AA1 /* Info.plist */ = {isa = PBXFileReference; lastKnownFileType = text.plist.xml; path = Info.plist; sourceTree = "<group>"; };
		17310602260DD646000D0AA1 /* ScannerAppTests.xctest */ = {isa = PBXFileReference; explicitFileType = wrapper.cfbundle; includeInIndex = 0; path = ScannerAppTests.xctest; sourceTree = BUILT_PRODUCTS_DIR; };
		17310606260DD646000D0AA1 /* ScannerAppTests.swift */ = {isa = PBXFileReference; lastKnownFileType = sourcecode.swift; path = ScannerAppTests.swift; sourceTree = "<group>"; };
		17310608260DD646000D0AA1 /* Info.plist */ = {isa = PBXFileReference; lastKnownFileType = text.plist.xml; path = Info.plist; sourceTree = "<group>"; };
		1731060D260DD646000D0AA1 /* ScannerAppUITests.xctest */ = {isa = PBXFileReference; explicitFileType = wrapper.cfbundle; includeInIndex = 0; path = ScannerAppUITests.xctest; sourceTree = BUILT_PRODUCTS_DIR; };
		17310611260DD646000D0AA1 /* ScannerAppUITests.swift */ = {isa = PBXFileReference; lastKnownFileType = sourcecode.swift; path = ScannerAppUITests.swift; sourceTree = "<group>"; };
		17310613260DD646000D0AA1 /* Info.plist */ = {isa = PBXFileReference; lastKnownFileType = text.plist.xml; path = Info.plist; sourceTree = "<group>"; };
		17310622260DD6D9000D0AA1 /* ScannerViewController.swift */ = {isa = PBXFileReference; lastKnownFileType = sourcecode.swift; path = ScannerViewController.swift; sourceTree = "<group>"; };
/* End PBXFileReference section */

/* Begin PBXFrameworksBuildPhase section */
		173105E6260DD644000D0AA1 /* Frameworks */ = {
			isa = PBXFrameworksBuildPhase;
			buildActionMask = 2147483647;
			files = (
			);
			runOnlyForDeploymentPostprocessing = 0;
		};
		173105FF260DD646000D0AA1 /* Frameworks */ = {
			isa = PBXFrameworksBuildPhase;
			buildActionMask = 2147483647;
			files = (
			);
			runOnlyForDeploymentPostprocessing = 0;
		};
		1731060A260DD646000D0AA1 /* Frameworks */ = {
			isa = PBXFrameworksBuildPhase;
			buildActionMask = 2147483647;
			files = (
			);
			runOnlyForDeploymentPostprocessing = 0;
		};
/* End PBXFrameworksBuildPhase section */

/* Begin PBXGroup section */
		173105E0260DD644000D0AA1 = {
			isa = PBXGroup;
			children = (
				173105EB260DD644000D0AA1 /* ScannerApp */,
				17310605260DD646000D0AA1 /* ScannerAppTests */,
				17310610260DD646000D0AA1 /* ScannerAppUITests */,
				173105EA260DD644000D0AA1 /* Products */,
			);
			sourceTree = "<group>";
		};
		173105EA260DD644000D0AA1 /* Products */ = {
			isa = PBXGroup;
			children = (
				173105E9260DD644000D0AA1 /* ScannerApp.app */,
				17310602260DD646000D0AA1 /* ScannerAppTests.xctest */,
				1731060D260DD646000D0AA1 /* ScannerAppUITests.xctest */,
			);
			name = Products;
			sourceTree = "<group>";
		};
		173105EB260DD644000D0AA1 /* ScannerApp */ = {
			isa = PBXGroup;
			children = (
				173105EC260DD644000D0AA1 /* AppDelegate.swift */,
				173105EE260DD644000D0AA1 /* SceneDelegate.swift */,
				173105F0260DD644000D0AA1 /* ViewController.swift */,
				17310622260DD6D9000D0AA1 /* ScannerViewController.swift */,
				173105F2260DD644000D0AA1 /* Main.storyboard */,
				173105F8260DD645000D0AA1 /* Assets.xcassets */,
				173105FA260DD645000D0AA1 /* LaunchScreen.storyboard */,
				173105FD260DD645000D0AA1 /* Info.plist */,
				173105F5260DD644000D0AA1 /* ScannerApp.xcdatamodeld */,
			);
			path = ScannerApp;
			sourceTree = "<group>";
		};
		17310605260DD646000D0AA1 /* ScannerAppTests */ = {
			isa = PBXGroup;
			children = (
				17310606260DD646000D0AA1 /* ScannerAppTests.swift */,
				17310608260DD646000D0AA1 /* Info.plist */,
			);
			path = ScannerAppTests;
			sourceTree = "<group>";
		};
		17310610260DD646000D0AA1 /* ScannerAppUITests */ = {
			isa = PBXGroup;
			children = (
				17310611260DD646000D0AA1 /* ScannerAppUITests.swift */,
				17310613260DD646000D0AA1 /* Info.plist */,
			);
			path = ScannerAppUITests;
			sourceTree = "<group>";
		};
/* End PBXGroup section */

/* Begin PBXNativeTarget section */
		173105E8260DD644000D0AA1 /* ScannerApp */ = {
			isa = PBXNativeTarget;
			buildConfigurationList = 17310616260DD646000D0AA1 /* Build configuration list for PBXNativeTarget "ScannerApp" */;
			buildPhases = (
				173105E5260DD644000D0AA1 /* Sources */,
				173105E6260DD644000D0AA1 /* Frameworks */,
				173105E7260DD644000D0AA1 /* Resources */,
			);
			buildRules = (
			);
			dependencies = (
			);
			name = ScannerApp;
			productName = ScannerApp;
			productReference = 173105E9260DD644000D0AA1 /* ScannerApp.app */;
			productType = "com.apple.product-type.application";
		};
		17310601260DD646000D0AA1 /* ScannerAppTests */ = {
			isa = PBXNativeTarget;
			buildConfigurationList = 17310619260DD646000D0AA1 /* Build configuration list for PBXNativeTarget "ScannerAppTests" */;
			buildPhases = (
				173105FE260DD646000D0AA1 /* Sources */,
				173105FF260DD646000D0AA1 /* Frameworks */,
				17310600260DD646000D0AA1 /* Resources */,
			);
			buildRules = (
			);
			dependencies = (
				17310604260DD646000D0AA1 /* PBXTargetDependency */,
			);
			name = ScannerAppTests;
			productName = ScannerAppTests;
			productReference = 17310602260DD646000D0AA1 /* ScannerAppTests.xctest */;
			productType = "com.apple.product-type.bundle.unit-test";
		};
		1731060C260DD646000D0AA1 /* ScannerAppUITests */ = {
			isa = PBXNativeTarget;
			buildConfigurationList = 1731061C260DD646000D0AA1 /* Build configuration list for PBXNativeTarget "ScannerAppUITests" */;
			buildPhases = (
				17310609260DD646000D0AA1 /* Sources */,
				1731060A260DD646000D0AA1 /* Frameworks */,
				1731060B260DD646000D0AA1 /* Resources */,
			);
			buildRules = (
			);
			dependencies = (
				1731060F260DD646000D0AA1 /* PBXTargetDependency */,
			);
			name = ScannerAppUITests;
			productName = ScannerAppUITests;
			productReference = 1731060D260DD646000D0AA1 /* ScannerAppUITests.xctest */;
			productType = "com.apple.product-type.bundle.ui-testing";
		};
/* End PBXNativeTarget section */

/* Begin PBXProject section */
		173105E1260DD644000D0AA1 /* Project object */ = {
			isa = PBXProject;
			attributes = {
				LastSwiftUpdateCheck = 1230;
				LastUpgradeCheck = 1230;
				TargetAttributes = {
					173105E8260DD644000D0AA1 = {
						CreatedOnToolsVersion = 12.3;
					};
					17310601260DD646000D0AA1 = {
						CreatedOnToolsVersion = 12.3;
						TestTargetID = 173105E8260DD644000D0AA1;
					};
					1731060C260DD646000D0AA1 = {
						CreatedOnToolsVersion = 12.3;
						TestTargetID = 173105E8260DD644000D0AA1;
					};
				};
			};
			buildConfigurationList = 173105E4260DD644000D0AA1 /* Build configuration list for PBXProject "ScannerApp" */;
			compatibilityVersion = "Xcode 9.3";
			developmentRegion = en;
			hasScannedForEncodings = 0;
			knownRegions = (
				en,
				Base,
			);
			mainGroup = 173105E0260DD644000D0AA1;
			productRefGroup = 173105EA260DD644000D0AA1 /* Products */;
			projectDirPath = "";
			projectRoot = "";
			targets = (
				173105E8260DD644000D0AA1 /* ScannerApp */,
				17310601260DD646000D0AA1 /* ScannerAppTests */,
				1731060C260DD646000D0AA1 /* ScannerAppUITests */,
			);
		};
/* End PBXProject section */

/* Begin PBXResourcesBuildPhase section */
		173105E7260DD644000D0AA1 /* Resources */ = {
			isa = PBXResourcesBuildPhase;
			buildActionMask = 2147483647;
			files = (
				173105FC260DD645000D0AA1 /* LaunchScreen.storyboard in Resources */,
				173105F9260DD645000D0AA1 /* Assets.xcassets in Resources */,
				173105F4260DD644000D0AA1 /* Main.storyboard in Resources */,
			);
			runOnlyForDeploymentPostprocessing = 0;
		};
		17310600260DD646000D0AA1 /* Resources */ = {
			isa = PBXResourcesBuildPhase;
			buildActionMask = 2147483647;
			files = (
			);
			runOnlyForDeploymentPostprocessing = 0;
		};
		1731060B260DD646000D0AA1 /* Resources */ = {
			isa = PBXResourcesBuildPhase;
			buildActionMask = 2147483647;
			files = (
			);
			runOnlyForDeploymentPostprocessing = 0;
		};
/* End PBXResourcesBuildPhase section */

/* Begin PBXSourcesBuildPhase section */
		173105E5260DD644000D0AA1 /* Sources */ = {
			isa = PBXSourcesBuildPhase;
			buildActionMask = 2147483647;
			files = (
				173105F1260DD644000D0AA1 /* ViewController.swift in Sources */,
				173105ED260DD644000D0AA1 /* AppDelegate.swift in Sources */,
				173105F7260DD644000D0AA1 /* ScannerApp.xcdatamodeld in Sources */,
				17310623260DD6D9000D0AA1 /* ScannerViewController.swift in Sources */,
				173105EF260DD644000D0AA1 /* SceneDelegate.swift in Sources */,
			);
			runOnlyForDeploymentPostprocessing = 0;
		};
		173105FE260DD646000D0AA1 /* Sources */ = {
			isa = PBXSourcesBuildPhase;
			buildActionMask = 2147483647;
			files = (
				17310607260DD646000D0AA1 /* ScannerAppTests.swift in Sources */,
			);
			runOnlyForDeploymentPostprocessing = 0;
		};
		17310609260DD646000D0AA1 /* Sources */ = {
			isa = PBXSourcesBuildPhase;
			buildActionMask = 2147483647;
			files = (
				17310612260DD646000D0AA1 /* ScannerAppUITests.swift in Sources */,
			);
			runOnlyForDeploymentPostprocessing = 0;
		};
/* End PBXSourcesBuildPhase section */

/* Begin PBXTargetDependency section */
		17310604260DD646000D0AA1 /* PBXTargetDependency */ = {
			isa = PBXTargetDependency;
			target = 173105E8260DD644000D0AA1 /* ScannerApp */;
			targetProxy = 17310603260DD646000D0AA1 /* PBXContainerItemProxy */;
		};
		1731060F260DD646000D0AA1 /* PBXTargetDependency */ = {
			isa = PBXTargetDependency;
			target = 173105E8260DD644000D0AA1 /* ScannerApp */;
			targetProxy = 1731060E260DD646000D0AA1 /* PBXContainerItemProxy */;
		};
/* End PBXTargetDependency section */

/* Begin PBXVariantGroup section */
		173105F2260DD644000D0AA1 /* Main.storyboard */ = {
			isa = PBXVariantGroup;
			children = (
				173105F3260DD644000D0AA1 /* Base */,
			);
			name = Main.storyboard;
			sourceTree = "<group>";
		};
		173105FA260DD645000D0AA1 /* LaunchScreen.storyboard */ = {
			isa = PBXVariantGroup;
			children = (
				173105FB260DD645000D0AA1 /* Base */,
			);
			name = LaunchScreen.storyboard;
			sourceTree = "<group>";
		};
/* End PBXVariantGroup section */

/* Begin XCBuildConfiguration section */
		17310614260DD646000D0AA1 /* Debug */ = {
			isa = XCBuildConfiguration;
			buildSettings = {
				ALWAYS_SEARCH_USER_PATHS = NO;
				CLANG_ANALYZER_NONNULL = YES;
				CLANG_ANALYZER_NUMBER_OBJECT_CONVERSION = YES_AGGRESSIVE;
				CLANG_CXX_LANGUAGE_STANDARD = "gnu++14";
				CLANG_CXX_LIBRARY = "libc++";
				CLANG_ENABLE_MODULES = YES;
				CLANG_ENABLE_OBJC_ARC = YES;
				CLANG_ENABLE_OBJC_WEAK = YES;
				CLANG_WARN_BLOCK_CAPTURE_AUTORELEASING = YES;
				CLANG_WARN_BOOL_CONVERSION = YES;
				CLANG_WARN_COMMA = YES;
				CLANG_WARN_CONSTANT_CONVERSION = YES;
				CLANG_WARN_DEPRECATED_OBJC_IMPLEMENTATIONS = YES;
				CLANG_WARN_DIRECT_OBJC_ISA_USAGE = YES_ERROR;
				CLANG_WARN_DOCUMENTATION_COMMENTS = YES;
				CLANG_WARN_EMPTY_BODY = YES;
				CLANG_WARN_ENUM_CONVERSION = YES;
				CLANG_WARN_INFINITE_RECURSION = YES;
				CLANG_WARN_INT_CONVERSION = YES;
				CLANG_WARN_NON_LITERAL_NULL_CONVERSION = YES;
				CLANG_WARN_OBJC_IMPLICIT_RETAIN_SELF = YES;
				CLANG_WARN_OBJC_LITERAL_CONVERSION = YES;
				CLANG_WARN_OBJC_ROOT_CLASS = YES_ERROR;
				CLANG_WARN_QUOTED_INCLUDE_IN_FRAMEWORK_HEADER = YES;
				CLANG_WARN_RANGE_LOOP_ANALYSIS = YES;
				CLANG_WARN_STRICT_PROTOTYPES = YES;
				CLANG_WARN_SUSPICIOUS_MOVE = YES;
				CLANG_WARN_UNGUARDED_AVAILABILITY = YES_AGGRESSIVE;
				CLANG_WARN_UNREACHABLE_CODE = YES;
				CLANG_WARN__DUPLICATE_METHOD_MATCH = YES;
				COPY_PHASE_STRIP = NO;
				DEBUG_INFORMATION_FORMAT = dwarf;
				ENABLE_STRICT_OBJC_MSGSEND = YES;
				ENABLE_TESTABILITY = YES;
				GCC_C_LANGUAGE_STANDARD = gnu11;
				GCC_DYNAMIC_NO_PIC = NO;
				GCC_NO_COMMON_BLOCKS = YES;
				GCC_OPTIMIZATION_LEVEL = 0;
				GCC_PREPROCESSOR_DEFINITIONS = (
					"DEBUG=1",
					"$(inherited)",
				);
				GCC_WARN_64_TO_32_BIT_CONVERSION = YES;
				GCC_WARN_ABOUT_RETURN_TYPE = YES_ERROR;
				GCC_WARN_UNDECLARED_SELECTOR = YES;
				GCC_WARN_UNINITIALIZED_AUTOS = YES_AGGRESSIVE;
				GCC_WARN_UNUSED_FUNCTION = YES;
				GCC_WARN_UNUSED_VARIABLE = YES;
				IPHONEOS_DEPLOYMENT_TARGET = 14.3;
				MTL_ENABLE_DEBUG_INFO = INCLUDE_SOURCE;
				MTL_FAST_MATH = YES;
				ONLY_ACTIVE_ARCH = YES;
				SDKROOT = iphoneos;
				SWIFT_ACTIVE_COMPILATION_CONDITIONS = DEBUG;
				SWIFT_OPTIMIZATION_LEVEL = "-Onone";
			};
			name = Debug;
		};
		17310615260DD646000D0AA1 /* Release */ = {
			isa = XCBuildConfiguration;
			buildSettings = {
				ALWAYS_SEARCH_USER_PATHS = NO;
				CLANG_ANALYZER_NONNULL = YES;
				CLANG_ANALYZER_NUMBER_OBJECT_CONVERSION = YES_AGGRESSIVE;
				CLANG_CXX_LANGUAGE_STANDARD = "gnu++14";
				CLANG_CXX_LIBRARY = "libc++";
				CLANG_ENABLE_MODULES = YES;
				CLANG_ENABLE_OBJC_ARC = YES;
				CLANG_ENABLE_OBJC_WEAK = YES;
				CLANG_WARN_BLOCK_CAPTURE_AUTORELEASING = YES;
				CLANG_WARN_BOOL_CONVERSION = YES;
				CLANG_WARN_COMMA = YES;
				CLANG_WARN_CONSTANT_CONVERSION = YES;
				CLANG_WARN_DEPRECATED_OBJC_IMPLEMENTATIONS = YES;
				CLANG_WARN_DIRECT_OBJC_ISA_USAGE = YES_ERROR;
				CLANG_WARN_DOCUMENTATION_COMMENTS = YES;
				CLANG_WARN_EMPTY_BODY = YES;
				CLANG_WARN_ENUM_CONVERSION = YES;
				CLANG_WARN_INFINITE_RECURSION = YES;
				CLANG_WARN_INT_CONVERSION = YES;
				CLANG_WARN_NON_LITERAL_NULL_CONVERSION = YES;
				CLANG_WARN_OBJC_IMPLICIT_RETAIN_SELF = YES;
				CLANG_WARN_OBJC_LITERAL_CONVERSION = YES;
				CLANG_WARN_OBJC_ROOT_CLASS = YES_ERROR;
				CLANG_WARN_QUOTED_INCLUDE_IN_FRAMEWORK_HEADER = YES;
				CLANG_WARN_RANGE_LOOP_ANALYSIS = YES;
				CLANG_WARN_STRICT_PROTOTYPES = YES;
				CLANG_WARN_SUSPICIOUS_MOVE = YES;
				CLANG_WARN_UNGUARDED_AVAILABILITY = YES_AGGRESSIVE;
				CLANG_WARN_UNREACHABLE_CODE = YES;
				CLANG_WARN__DUPLICATE_METHOD_MATCH = YES;
				COPY_PHASE_STRIP = NO;
				DEBUG_INFORMATION_FORMAT = "dwarf-with-dsym";
				ENABLE_NS_ASSERTIONS = NO;
				ENABLE_STRICT_OBJC_MSGSEND = YES;
				GCC_C_LANGUAGE_STANDARD = gnu11;
				GCC_NO_COMMON_BLOCKS = YES;
				GCC_WARN_64_TO_32_BIT_CONVERSION = YES;
				GCC_WARN_ABOUT_RETURN_TYPE = YES_ERROR;
				GCC_WARN_UNDECLARED_SELECTOR = YES;
				GCC_WARN_UNINITIALIZED_AUTOS = YES_AGGRESSIVE;
				GCC_WARN_UNUSED_FUNCTION = YES;
				GCC_WARN_UNUSED_VARIABLE = YES;
				IPHONEOS_DEPLOYMENT_TARGET = 14.3;
				MTL_ENABLE_DEBUG_INFO = NO;
				MTL_FAST_MATH = YES;
				SDKROOT = iphoneos;
				SWIFT_COMPILATION_MODE = wholemodule;
				SWIFT_OPTIMIZATION_LEVEL = "-O";
				VALIDATE_PRODUCT = YES;
			};
			name = Release;
		};
		17310617260DD646000D0AA1 /* Debug */ = {
			isa = XCBuildConfiguration;
			buildSettings = {
				ASSETCATALOG_COMPILER_APPICON_NAME = AppIcon;
				ASSETCATALOG_COMPILER_GLOBAL_ACCENT_COLOR_NAME = AccentColor;
				CODE_SIGN_IDENTITY = "Apple Development";
				CODE_SIGN_STYLE = Automatic;
				DEVELOPMENT_TEAM = Q3G3N25KJ8;
				INFOPLIST_FILE = ScannerApp/Info.plist;
				LD_RUNPATH_SEARCH_PATHS = (
					"$(inherited)",
					"@executable_path/Frameworks",
				);
				PRODUCT_BUNDLE_IDENTIFIER = tech.aigen.ScannerApp;
				PRODUCT_NAME = "$(TARGET_NAME)";
				PROVISIONING_PROFILE_SPECIFIER = "";
				SWIFT_VERSION = 5.0;
				TARGETED_DEVICE_FAMILY = "1,2";
			};
			name = Debug;
		};
		17310618260DD646000D0AA1 /* Release */ = {
			isa = XCBuildConfiguration;
			buildSettings = {
				ASSETCATALOG_COMPILER_APPICON_NAME = AppIcon;
				ASSETCATALOG_COMPILER_GLOBAL_ACCENT_COLOR_NAME = AccentColor;
				CODE_SIGN_IDENTITY = "Apple Development";
				CODE_SIGN_STYLE = Automatic;
				DEVELOPMENT_TEAM = Q3G3N25KJ8;
				INFOPLIST_FILE = ScannerApp/Info.plist;
				LD_RUNPATH_SEARCH_PATHS = (
					"$(inherited)",
					"@executable_path/Frameworks",
				);
				PRODUCT_BUNDLE_IDENTIFIER = tech.aigen.ScannerApp;
				PRODUCT_NAME = "$(TARGET_NAME)";
				PROVISIONING_PROFILE_SPECIFIER = "";
				SWIFT_VERSION = 5.0;
				TARGETED_DEVICE_FAMILY = "1,2";
			};
			name = Release;
		};
		1731061A260DD646000D0AA1 /* Debug */ = {
			isa = XCBuildConfiguration;
			buildSettings = {
				ALWAYS_EMBED_SWIFT_STANDARD_LIBRARIES = YES;
				BUNDLE_LOADER = "$(TEST_HOST)";
				CODE_SIGN_STYLE = Automatic;
				DEVELOPMENT_TEAM = Q3G3N25KJ8;
				INFOPLIST_FILE = ScannerAppTests/Info.plist;
				IPHONEOS_DEPLOYMENT_TARGET = 14.3;
				LD_RUNPATH_SEARCH_PATHS = (
					"$(inherited)",
					"@executable_path/Frameworks",
					"@loader_path/Frameworks",
				);
				PRODUCT_BUNDLE_IDENTIFIER = tech.aigen.ScannerAppTests;
				PRODUCT_NAME = "$(TARGET_NAME)";
				SWIFT_VERSION = 5.0;
				TARGETED_DEVICE_FAMILY = "1,2";
				TEST_HOST = "$(BUILT_PRODUCTS_DIR)/ScannerApp.app/ScannerApp";
			};
			name = Debug;
		};
		1731061B260DD646000D0AA1 /* Release */ = {
			isa = XCBuildConfiguration;
			buildSettings = {
				ALWAYS_EMBED_SWIFT_STANDARD_LIBRARIES = YES;
				BUNDLE_LOADER = "$(TEST_HOST)";
				CODE_SIGN_STYLE = Automatic;
				DEVELOPMENT_TEAM = Q3G3N25KJ8;
				INFOPLIST_FILE = ScannerAppTests/Info.plist;
				IPHONEOS_DEPLOYMENT_TARGET = 14.3;
				LD_RUNPATH_SEARCH_PATHS = (
					"$(inherited)",
					"@executable_path/Frameworks",
					"@loader_path/Frameworks",
				);
				PRODUCT_BUNDLE_IDENTIFIER = tech.aigen.ScannerAppTests;
				PRODUCT_NAME = "$(TARGET_NAME)";
				SWIFT_VERSION = 5.0;
				TARGETED_DEVICE_FAMILY = "1,2";
				TEST_HOST = "$(BUILT_PRODUCTS_DIR)/ScannerApp.app/ScannerApp";
			};
			name = Release;
		};
		1731061D260DD646000D0AA1 /* Debug */ = {
			isa = XCBuildConfiguration;
			buildSettings = {
				ALWAYS_EMBED_SWIFT_STANDARD_LIBRARIES = YES;
				CODE_SIGN_STYLE = Automatic;
				DEVELOPMENT_TEAM = Q3G3N25KJ8;
				INFOPLIST_FILE = ScannerAppUITests/Info.plist;
				LD_RUNPATH_SEARCH_PATHS = (
					"$(inherited)",
					"@executable_path/Frameworks",
					"@loader_path/Frameworks",
				);
				PRODUCT_BUNDLE_IDENTIFIER = tech.aigen.ScannerAppUITests;
				PRODUCT_NAME = "$(TARGET_NAME)";
				SWIFT_VERSION = 5.0;
				TARGETED_DEVICE_FAMILY = "1,2";
				TEST_TARGET_NAME = ScannerApp;
			};
			name = Debug;
		};
		1731061E260DD646000D0AA1 /* Release */ = {
			isa = XCBuildConfiguration;
			buildSettings = {
				ALWAYS_EMBED_SWIFT_STANDARD_LIBRARIES = YES;
				CODE_SIGN_STYLE = Automatic;
				DEVELOPMENT_TEAM = Q3G3N25KJ8;
				INFOPLIST_FILE = ScannerAppUITests/Info.plist;
				LD_RUNPATH_SEARCH_PATHS = (
					"$(inherited)",
					"@executable_path/Frameworks",
					"@loader_path/Frameworks",
				);
				PRODUCT_BUNDLE_IDENTIFIER = tech.aigen.ScannerAppUITests;
				PRODUCT_NAME = "$(TARGET_NAME)";
				SWIFT_VERSION = 5.0;
				TARGETED_DEVICE_FAMILY = "1,2";
				TEST_TARGET_NAME = ScannerApp;
			};
			name = Release;
		};
/* End XCBuildConfiguration section */

/* Begin XCConfigurationList section */
		173105E4260DD644000D0AA1 /* Build configuration list for PBXProject "ScannerApp" */ = {
			isa = XCConfigurationList;
			buildConfigurations = (
				17310614260DD646000D0AA1 /* Debug */,
				17310615260DD646000D0AA1 /* Release */,
			);
			defaultConfigurationIsVisible = 0;
			defaultConfigurationName = Release;
		};
		17310616260DD646000D0AA1 /* Build configuration list for PBXNativeTarget "ScannerApp" */ = {
			isa = XCConfigurationList;
			buildConfigurations = (
				17310617260DD646000D0AA1 /* Debug */,
				17310618260DD646000D0AA1 /* Release */,
			);
			defaultConfigurationIsVisible = 0;
			defaultConfigurationName = Release;
		};
		17310619260DD646000D0AA1 /* Build configuration list for PBXNativeTarget "ScannerAppTests" */ = {
			isa = XCConfigurationList;
			buildConfigurations = (
				1731061A260DD646000D0AA1 /* Debug */,
				1731061B260DD646000D0AA1 /* Release */,
			);
			defaultConfigurationIsVisible = 0;
			defaultConfigurationName = Release;
		};
		1731061C260DD646000D0AA1 /* Build configuration list for PBXNativeTarget "ScannerAppUITests" */ = {
			isa = XCConfigurationList;
			buildConfigurations = (
				1731061D260DD646000D0AA1 /* Debug */,
				1731061E260DD646000D0AA1 /* Release */,
			);
			defaultConfigurationIsVisible = 0;
			defaultConfigurationName = Release;
		};
/* End XCConfigurationList section */

/* Begin XCVersionGroup section */
		173105F5260DD644000D0AA1 /* ScannerApp.xcdatamodeld */ = {
			isa = XCVersionGroup;
			children = (
				173105F6260DD644000D0AA1 /* ScannerApp.xcdatamodel */,
			);
			currentVersion = 173105F6260DD644000D0AA1 /* ScannerApp.xcdatamodel */;
			path = ScannerApp.xcdatamodeld;
			sourceTree = "<group>";
			versionGroupType = wrapper.xcdatamodel;
		};
/* End XCVersionGroup section */
	};
	rootObject = 173105E1260DD644000D0AA1 /* Project object */;
}
